github.com/google/uuid v1.3.1 h1:KjJaJ9iWZ3jOFZIf1Lqf4laDRCasjl0BCmnEGxkdLb4=
github.com/google/uuid v1.3.1/go.mod h1:TIyPZe4MgqvfeYDBFedMoGGpEw/LqOeaOT+nhxU+yHo=
github.com/sashabaranov/go-openai v1.15.4 h1:BXCR0Uxk5RipeY4yBC7g6pBVfcjh8jwrMNOYdie6yuk=
github.com/sashabaranov/go-openai v1.15.4/go.mod h1:lj5b/K+zjTSFxVLijLSTDZuP7adOgerWeFyZLUhAKRg=
